
Microsoft Visual Studio Solution File, Format Version 12.00
# Visual Studio 15
VisualStudioVersion = 15.0.26228.4
MinimumVisualStudioVersion = 10.0.40219.1
Project("{8BC9CEB8-8B4A-11D0-8D11-00A0C91BC942}") = "dashkaUnit", "dashkaUnit\dashkaUnit.vcxproj", "{88C32130-2DC2-4899-AA53-AE762037B8DB}"
EndProject
Project("{8BC9CEB8-8B4A-11D0-8D11-00A0C91BC942}") = "UnitTest1", "UnitTest1\UnitTest1.vcxproj", "{B1AB458E-907B-4A54-B4CB-220B56F18AB6}"
EndProject
Global
	GlobalSection(SolutionConfigurationPlatforms) = preSolution
		Debug|x64 = Debug|x64
		Debug|x86 = Debug|x86
		Release|x64 = Release|x64
		Release|x86 = Release|x86
	EndGlobalSection
	GlobalSection(ProjectConfigurationPlatforms) = postSolution
		{88C32130-2DC2-4899-AA53-AE762037B8DB}.Debug|x64.ActiveCfg = Debug|x64
		{88C32130-2DC2-4899-AA53-AE762037B8DB}.Debug|x64.Build.0 = Debug|x64
		{88C32130-2DC2-4899-AA53-AE762037B8DB}.Debug|x86.ActiveCfg = Debug|Win32
		{88C32130-2DC2-4899-AA53-AE762037B8DB}.Debug|x86.Build.0 = Debug|Win32
		{88C32130-2DC2-4899-AA53-AE762037B8DB}.Release|x64.ActiveCfg = Release|x64
		{88C32130-2DC2-4899-AA53-AE762037B8DB}.Release|x64.Build.0 = Release|x64
		{88C32130-2DC2-4899-AA53-AE762037B8DB}.Release|x86.ActiveCfg = Release|Win32
		{88C32130-2DC2-4899-AA53-AE762037B8DB}.Release|x86.Build.0 = Release|Win32
		{B1AB458E-907B-4A54-B4CB-220B56F18AB6}.Debug|x64.ActiveCfg = Debug|x64
		{B1AB458E-907B-4A54-B4CB-220B56F18AB6}.Debug|x64.Build.0 = Debug|x64
		{B1AB458E-907B-4A54-B4CB-220B56F18AB6}.Debug|x86.ActiveCfg = Debug|Win32
		{B1AB458E-907B-4A54-B4CB-220B56F18AB6}.Debug|x86.Build.0 = Debug|Win32
		{B1AB458E-907B-4A54-B4CB-220B56F18AB6}.Release|x64.ActiveCfg = Release|x64
		{B1AB458E-907B-4A54-B4CB-220B56F18AB6}.Release|x64.Build.0 = Release|x64
		{B1AB458E-907B-4A54-B4CB-220B56F18AB6}.Release|x86.ActiveCfg = Release|Win32
		{B1AB458E-907B-4A54-B4CB-220B56F18AB6}.Release|x86.Build.0 = Release|Win32
	EndGlobalSection
	GlobalSection(SolutionProperties) = preSolution
		HideSolutionNode = FALSE
	EndGlobalSection
EndGlobal
